
Microsoft Visual Studio Solution File, Format Version 12.00
# Visual Studio 15
VisualStudioVersion = 15.0.26430.13
MinimumVisualStudioVersion = 10.0.40219.1
Project("{8BC9CEB8-8B4A-11D0-8D11-00A0C91BC942}") = "DotNetUnmanagedApi", "DotNet\DotNetUnmanagedApi.vcxproj", "{FDC09E9D-72BB-4C74-B88B-727D9D1D6C4E}"
	ProjectSection(ProjectDependencies) = postProject
		{B601F04C-0D42-4AFC-A092-B31185E2EA8C} = {B601F04C-0D42-4AFC-A092-B31185E2EA8C}
	EndProjectSection
EndProject
Project("{8BC9CEB8-8B4A-11D0-8D11-00A0C91BC942}") = "IMake", "..\IMake\IMake.vcxproj", "{B601F04C-0D42-4AFC-A092-B31185E2EA8C}"
EndProject
Project("{2150E333-8FDC-42A3-9474-1A3956D46DE8}") = "Solution Items", "Solution Items", "{8B6FBCB3-F11C-4AB9-AEE5-6A272E31EA7F}"
EndProject
Project("{2150E333-8FDC-42A3-9474-1A3956D46DE8}") = ".net API", ".net API", "{A9257857-9844-4CEA-AF02-A7D8AB8F46AB}"
EndProject
Project("{2150E333-8FDC-42A3-9474-1A3956D46DE8}") = "Tools", "Tools", "{99132700-5CAD-4540-9939-7502C1A448EA}"
EndProject
Project("{2150E333-8FDC-42A3-9474-1A3956D46DE8}") = "PHP API", "PHP API", "{323AEA7C-774B-49D8-8D34-7A766288C549}"
EndProject
Project("{8BC9CEB8-8B4A-11D0-8D11-00A0C91BC942}") = "PhpApi", "Php\PhpApi.vcxproj", "{696D2664-D17F-4357-8A19-2B5DC4B29962}"
	ProjectSection(ProjectDependencies) = postProject
		{B601F04C-0D42-4AFC-A092-B31185E2EA8C} = {B601F04C-0D42-4AFC-A092-B31185E2EA8C}
	EndProjectSection
EndProject
Global
	GlobalSection(SolutionConfigurationPlatforms) = preSolution
		Debug_VC11|x64 = Debug_VC11|x64
		Debug_VC11|x86 = Debug_VC11|x86
		Debug_VC14|x64 = Debug_VC14|x64
		Debug_VC14|x86 = Debug_VC14|x86
		Debug|x64 = Debug|x64
		Debug|x86 = Debug|x86
		Release_VC11|x64 = Release_VC11|x64
		Release_VC11|x86 = Release_VC11|x86
		Release_VC14|x64 = Release_VC14|x64
		Release_VC14|x86 = Release_VC14|x86
		Release|x64 = Release|x64
		Release|x86 = Release|x86
	EndGlobalSection
	GlobalSection(ProjectConfigurationPlatforms) = postSolution
		{FDC09E9D-72BB-4C74-B88B-727D9D1D6C4E}.Debug_VC11|x64.ActiveCfg = Debug_VC11|x64
		{FDC09E9D-72BB-4C74-B88B-727D9D1D6C4E}.Debug_VC11|x64.Build.0 = Debug_VC11|x64
		{FDC09E9D-72BB-4C74-B88B-727D9D1D6C4E}.Debug_VC11|x86.ActiveCfg = Debug_VC11|Win32
		{FDC09E9D-72BB-4C74-B88B-727D9D1D6C4E}.Debug_VC11|x86.Build.0 = Debug_VC11|Win32
		{FDC09E9D-72BB-4C74-B88B-727D9D1D6C4E}.Debug_VC14|x64.ActiveCfg = Debug_VC14|x64
		{FDC09E9D-72BB-4C74-B88B-727D9D1D6C4E}.Debug_VC14|x64.Build.0 = Debug_VC14|x64
		{FDC09E9D-72BB-4C74-B88B-727D9D1D6C4E}.Debug_VC14|x86.ActiveCfg = Debug_VC14|Win32
		{FDC09E9D-72BB-4C74-B88B-727D9D1D6C4E}.Debug_VC14|x86.Build.0 = Debug_VC14|Win32
		{FDC09E9D-72BB-4C74-B88B-727D9D1D6C4E}.Debug|x64.ActiveCfg = Debug_VC14|x64
		{FDC09E9D-72BB-4C74-B88B-727D9D1D6C4E}.Debug|x64.Build.0 = Debug_VC14|x64
		{FDC09E9D-72BB-4C74-B88B-727D9D1D6C4E}.Debug|x86.ActiveCfg = Debug_VC14|Win32
		{FDC09E9D-72BB-4C74-B88B-727D9D1D6C4E}.Debug|x86.Build.0 = Debug_VC14|Win32
		{FDC09E9D-72BB-4C74-B88B-727D9D1D6C4E}.Release_VC11|x64.ActiveCfg = Release_VC11|x64
		{FDC09E9D-72BB-4C74-B88B-727D9D1D6C4E}.Release_VC11|x64.Build.0 = Release_VC11|x64
		{FDC09E9D-72BB-4C74-B88B-727D9D1D6C4E}.Release_VC11|x86.ActiveCfg = Release_VC11|Win32
		{FDC09E9D-72BB-4C74-B88B-727D9D1D6C4E}.Release_VC11|x86.Build.0 = Release_VC11|Win32
		{FDC09E9D-72BB-4C74-B88B-727D9D1D6C4E}.Release_VC14|x64.ActiveCfg = Release_VC14|x64
		{FDC09E9D-72BB-4C74-B88B-727D9D1D6C4E}.Release_VC14|x64.Build.0 = Release_VC14|x64
		{FDC09E9D-72BB-4C74-B88B-727D9D1D6C4E}.Release_VC14|x86.ActiveCfg = Release_VC14|Win32
		{FDC09E9D-72BB-4C74-B88B-727D9D1D6C4E}.Release_VC14|x86.Build.0 = Release_VC14|Win32
		{FDC09E9D-72BB-4C74-B88B-727D9D1D6C4E}.Release|x64.ActiveCfg = Release_VC14|x64
		{FDC09E9D-72BB-4C74-B88B-727D9D1D6C4E}.Release|x64.Build.0 = Release_VC14|x64
		{FDC09E9D-72BB-4C74-B88B-727D9D1D6C4E}.Release|x86.ActiveCfg = Release_VC14|Win32
		{FDC09E9D-72BB-4C74-B88B-727D9D1D6C4E}.Release|x86.Build.0 = Release_VC14|Win32
		{B601F04C-0D42-4AFC-A092-B31185E2EA8C}.Debug_VC11|x64.ActiveCfg = Debug|Win32
		{B601F04C-0D42-4AFC-A092-B31185E2EA8C}.Debug_VC11|x64.Build.0 = Debug|Win32
		{B601F04C-0D42-4AFC-A092-B31185E2EA8C}.Debug_VC11|x64.Deploy.0 = Debug|Win32
		{B601F04C-0D42-4AFC-A092-B31185E2EA8C}.Debug_VC11|x86.ActiveCfg = Debug|Win32
		{B601F04C-0D42-4AFC-A092-B31185E2EA8C}.Debug_VC11|x86.Build.0 = Debug|Win32
		{B601F04C-0D42-4AFC-A092-B31185E2EA8C}.Debug_VC14|x64.ActiveCfg = Debug|Win32
		{B601F04C-0D42-4AFC-A092-B31185E2EA8C}.Debug_VC14|x64.Build.0 = Debug|Win32
		{B601F04C-0D42-4AFC-A092-B31185E2EA8C}.Debug_VC14|x64.Deploy.0 = Debug|Win32
		{B601F04C-0D42-4AFC-A092-B31185E2EA8C}.Debug_VC14|x86.ActiveCfg = Debug|Win32
		{B601F04C-0D42-4AFC-A092-B31185E2EA8C}.Debug_VC14|x86.Build.0 = Debug|Win32
		{B601F04C-0D42-4AFC-A092-B31185E2EA8C}.Debug|x64.ActiveCfg = Debug|Win32
		{B601F04C-0D42-4AFC-A092-B31185E2EA8C}.Debug|x86.ActiveCfg = Debug|Win32
		{B601F04C-0D42-4AFC-A092-B31185E2EA8C}.Debug|x86.Build.0 = Debug|Win32
		{B601F04C-0D42-4AFC-A092-B31185E2EA8C}.Release_VC11|x64.ActiveCfg = Release|Win32
		{B601F04C-0D42-4AFC-A092-B31185E2EA8C}.Release_VC11|x64.Build.0 = Release|Win32
		{B601F04C-0D42-4AFC-A092-B31185E2EA8C}.Release_VC11|x64.Deploy.0 = Release|Win32
		{B601F04C-0D42-4AFC-A092-B31185E2EA8C}.Release_VC11|x86.ActiveCfg = Release|Win32
		{B601F04C-0D42-4AFC-A092-B31185E2EA8C}.Release_VC11|x86.Build.0 = Release|Win32
		{B601F04C-0D42-4AFC-A092-B31185E2EA8C}.Release_VC14|x64.ActiveCfg = Release|Win32
		{B601F04C-0D42-4AFC-A092-B31185E2EA8C}.Release_VC14|x64.Build.0 = Release|Win32
		{B601F04C-0D42-4AFC-A092-B31185E2EA8C}.Release_VC14|x64.Deploy.0 = Release|Win32
		{B601F04C-0D42-4AFC-A092-B31185E2EA8C}.Release_VC14|x86.ActiveCfg = Release|Win32
		{B601F04C-0D42-4AFC-A092-B31185E2EA8C}.Release_VC14|x86.Build.0 = Release|Win32
		{B601F04C-0D42-4AFC-A092-B31185E2EA8C}.Release_VC14|x86.Deploy.0 = Release|Win32
		{B601F04C-0D42-4AFC-A092-B31185E2EA8C}.Release|x64.ActiveCfg = Release|Win32
		{B601F04C-0D42-4AFC-A092-B31185E2EA8C}.Release|x86.ActiveCfg = Release|Win32
		{B601F04C-0D42-4AFC-A092-B31185E2EA8C}.Release|x86.Build.0 = Release|Win32
		{696D2664-D17F-4357-8A19-2B5DC4B29962}.Debug_VC11|x64.ActiveCfg = Debug|x64
		{696D2664-D17F-4357-8A19-2B5DC4B29962}.Debug_VC11|x64.Build.0 = Debug|x64
		{696D2664-D17F-4357-8A19-2B5DC4B29962}.Debug_VC11|x86.ActiveCfg = Debug|Win32
		{696D2664-D17F-4357-8A19-2B5DC4B29962}.Debug_VC11|x86.Build.0 = Debug|Win32
		{696D2664-D17F-4357-8A19-2B5DC4B29962}.Debug_VC14|x64.ActiveCfg = Debug|x64
		{696D2664-D17F-4357-8A19-2B5DC4B29962}.Debug_VC14|x64.Build.0 = Debug|x64
		{696D2664-D17F-4357-8A19-2B5DC4B29962}.Debug_VC14|x86.ActiveCfg = Debug|Win32
		{696D2664-D17F-4357-8A19-2B5DC4B29962}.Debug_VC14|x86.Build.0 = Debug|Win32
		{696D2664-D17F-4357-8A19-2B5DC4B29962}.Debug|x64.ActiveCfg = Debug|x64
		{696D2664-D17F-4357-8A19-2B5DC4B29962}.Debug|x64.Build.0 = Debug|x64
		{696D2664-D17F-4357-8A19-2B5DC4B29962}.Debug|x86.ActiveCfg = Debug|Win32
		{696D2664-D17F-4357-8A19-2B5DC4B29962}.Debug|x86.Build.0 = Debug|Win32
		{696D2664-D17F-4357-8A19-2B5DC4B29962}.Release_VC11|x64.ActiveCfg = Release|x64
		{696D2664-D17F-4357-8A19-2B5DC4B29962}.Release_VC11|x64.Build.0 = Release|x64
		{696D2664-D17F-4357-8A19-2B5DC4B29962}.Release_VC11|x86.ActiveCfg = Release|Win32
		{696D2664-D17F-4357-8A19-2B5DC4B29962}.Release_VC11|x86.Build.0 = Release|Win32
		{696D2664-D17F-4357-8A19-2B5DC4B29962}.Release_VC14|x64.ActiveCfg = Release|x64
		{696D2664-D17F-4357-8A19-2B5DC4B29962}.Release_VC14|x64.Build.0 = Release|x64
		{696D2664-D17F-4357-8A19-2B5DC4B29962}.Release_VC14|x86.ActiveCfg = Release|Win32
		{696D2664-D17F-4357-8A19-2B5DC4B29962}.Release_VC14|x86.Build.0 = Release|Win32
		{696D2664-D17F-4357-8A19-2B5DC4B29962}.Release|x64.ActiveCfg = Release|x64
		{696D2664-D17F-4357-8A19-2B5DC4B29962}.Release|x64.Build.0 = Release|x64
		{696D2664-D17F-4357-8A19-2B5DC4B29962}.Release|x86.ActiveCfg = Release|Win32
		{696D2664-D17F-4357-8A19-2B5DC4B29962}.Release|x86.Build.0 = Release|Win32
	EndGlobalSection
	GlobalSection(SolutionProperties) = preSolution
		HideSolutionNode = FALSE
	EndGlobalSection
	GlobalSection(NestedProjects) = preSolution
		{FDC09E9D-72BB-4C74-B88B-727D9D1D6C4E} = {A9257857-9844-4CEA-AF02-A7D8AB8F46AB}
		{B601F04C-0D42-4AFC-A092-B31185E2EA8C} = {99132700-5CAD-4540-9939-7502C1A448EA}
		{696D2664-D17F-4357-8A19-2B5DC4B29962} = {323AEA7C-774B-49D8-8D34-7A766288C549}
	EndGlobalSection
	GlobalSection(ExtensibilityGlobals) = postSolution
		SolutionGuid = {733BCCC2-0431-4AB7-ABB6-AAE81AB54C48}
	EndGlobalSection
EndGlobal
