
Microsoft Visual Studio Solution File, Format Version 12.00
# Visual Studio 15
VisualStudioVersion = 15.0.26124.0
MinimumVisualStudioVersion = 15.0.26124.0
Project("{9A19103F-16F7-4668-BE54-9A1E7A4F7556}") = "TestMiscFull", "src\TestMiscFull\TestMiscFull.csproj", "{27285BB5-37B4-42DD-AB2C-CCD91824D044}"
EndProject
Project("{9A19103F-16F7-4668-BE54-9A1E7A4F7556}") = "TestCommonFull", "src\TestCommonFull\TestCommonFull.csproj", "{EB8713C5-0284-47C5-950A-90E4EB326669}"
EndProject
Project("{9A19103F-16F7-4668-BE54-9A1E7A4F7556}") = "TestMapGuideApiFull", "src\TestMapGuideApiFull\TestMapGuideApiFull.csproj", "{6584C02F-080F-425D-BE53-9F72F7BE2897}"
EndProject
Project("{9A19103F-16F7-4668-BE54-9A1E7A4F7556}") = "TestRunnerFull", "src\TestRunnerFull\TestRunnerFull.csproj", "{757BA8EB-065F-47A7-834D-025C1559E2A5}"
EndProject
Global
	GlobalSection(SolutionConfigurationPlatforms) = preSolution
		Debug|x64 = Debug|x64
		Debug|x86 = Debug|x86
		Release|x64 = Release|x64
		Release|x86 = Release|x86
	EndGlobalSection
	GlobalSection(ProjectConfigurationPlatforms) = postSolution
		{27285BB5-37B4-42DD-AB2C-CCD91824D044}.Debug|x64.ActiveCfg = Debug|x64
		{27285BB5-37B4-42DD-AB2C-CCD91824D044}.Debug|x64.Build.0 = Debug|x64
		{27285BB5-37B4-42DD-AB2C-CCD91824D044}.Debug|x86.ActiveCfg = Debug|x86
		{27285BB5-37B4-42DD-AB2C-CCD91824D044}.Debug|x86.Build.0 = Debug|x86
		{27285BB5-37B4-42DD-AB2C-CCD91824D044}.Release|x64.ActiveCfg = Release|x64
		{27285BB5-37B4-42DD-AB2C-CCD91824D044}.Release|x64.Build.0 = Release|x64
		{27285BB5-37B4-42DD-AB2C-CCD91824D044}.Release|x86.ActiveCfg = Release|x86
		{27285BB5-37B4-42DD-AB2C-CCD91824D044}.Release|x86.Build.0 = Release|x86
		{EB8713C5-0284-47C5-950A-90E4EB326669}.Debug|x64.ActiveCfg = Debug|Any CPU
		{EB8713C5-0284-47C5-950A-90E4EB326669}.Debug|x64.Build.0 = Debug|Any CPU
		{EB8713C5-0284-47C5-950A-90E4EB326669}.Debug|x86.ActiveCfg = Debug|Any CPU
		{EB8713C5-0284-47C5-950A-90E4EB326669}.Debug|x86.Build.0 = Debug|Any CPU
		{EB8713C5-0284-47C5-950A-90E4EB326669}.Release|x64.ActiveCfg = Release|Any CPU
		{EB8713C5-0284-47C5-950A-90E4EB326669}.Release|x64.Build.0 = Release|Any CPU
		{EB8713C5-0284-47C5-950A-90E4EB326669}.Release|x86.ActiveCfg = Release|Any CPU
		{EB8713C5-0284-47C5-950A-90E4EB326669}.Release|x86.Build.0 = Release|Any CPU
		{6584C02F-080F-425D-BE53-9F72F7BE2897}.Debug|x64.ActiveCfg = Debug|Any CPU
		{6584C02F-080F-425D-BE53-9F72F7BE2897}.Debug|x64.Build.0 = Debug|Any CPU
		{6584C02F-080F-425D-BE53-9F72F7BE2897}.Debug|x86.ActiveCfg = Debug|Any CPU
		{6584C02F-080F-425D-BE53-9F72F7BE2897}.Debug|x86.Build.0 = Debug|Any CPU
		{6584C02F-080F-425D-BE53-9F72F7BE2897}.Release|x64.ActiveCfg = Release|Any CPU
		{6584C02F-080F-425D-BE53-9F72F7BE2897}.Release|x64.Build.0 = Release|Any CPU
		{6584C02F-080F-425D-BE53-9F72F7BE2897}.Release|x86.ActiveCfg = Release|Any CPU
		{6584C02F-080F-425D-BE53-9F72F7BE2897}.Release|x86.Build.0 = Release|Any CPU
		{757BA8EB-065F-47A7-834D-025C1559E2A5}.Debug|x64.ActiveCfg = Debug|x64
		{757BA8EB-065F-47A7-834D-025C1559E2A5}.Debug|x64.Build.0 = Debug|x64
		{757BA8EB-065F-47A7-834D-025C1559E2A5}.Debug|x86.ActiveCfg = Debug|x86
		{757BA8EB-065F-47A7-834D-025C1559E2A5}.Debug|x86.Build.0 = Debug|x86
		{757BA8EB-065F-47A7-834D-025C1559E2A5}.Release|x64.ActiveCfg = Release|x64
		{757BA8EB-065F-47A7-834D-025C1559E2A5}.Release|x64.Build.0 = Release|x64
		{757BA8EB-065F-47A7-834D-025C1559E2A5}.Release|x86.ActiveCfg = Release|x86
		{757BA8EB-065F-47A7-834D-025C1559E2A5}.Release|x86.Build.0 = Release|x86
	EndGlobalSection
	GlobalSection(SolutionProperties) = preSolution
		HideSolutionNode = FALSE
	EndGlobalSection
	GlobalSection(ExtensibilityGlobals) = postSolution
		SolutionGuid = {DBAEC14C-FD27-4A23-ACFB-403ED5B835AB}
	EndGlobalSection
EndGlobal
